
Microsoft Visual Studio Solution File, Format Version 12.00
# Visual Studio Version 17
VisualStudioVersion = 17.10.35013.160
MinimumVisualStudioVersion = 10.0.40219.1
Project("{FAE04EC0-301F-11D3-BF4B-00C04F79EFBC}") = "CAR-RENTAL_MS-III", "CAR-RENTAL_MS-III\CAR-RENTAL_MS-III.csproj", "{D494B5A8-903E-4289-8629-2222213A48CC}"
EndProject
Global
	GlobalSection(SolutionConfigurationPlatforms) = preSolution
		Debug|Any CPU = Debug|Any CPU
		Release|Any CPU = Release|Any CPU
	EndGlobalSection
	GlobalSection(ProjectConfigurationPlatforms) = postSolution
		{D494B5A8-903E-4289-8629-2222213A48CC}.Debug|Any CPU.ActiveCfg = Debug|Any CPU
		{D494B5A8-903E-4289-8629-2222213A48CC}.Debug|Any CPU.Build.0 = Debug|Any CPU
		{D494B5A8-903E-4289-8629-2222213A48CC}.Release|Any CPU.ActiveCfg = Release|Any CPU
		{D494B5A8-903E-4289-8629-2222213A48CC}.Release|Any CPU.Build.0 = Release|Any CPU
	EndGlobalSection
	GlobalSection(SolutionProperties) = preSolution
		HideSolutionNode = FALSE
	EndGlobalSection
	GlobalSection(ExtensibilityGlobals) = postSolution
		SolutionGuid = {82F22F60-219D-4968-8F47-8CC02D326CF8}
	EndGlobalSection
EndGlobal
